<?xml version="1.0" encoding="utf-8"?>
<Project ToolsVersion="4.0" xmlns="http://schemas.microsoft.com/developer/msbuild/2003">
  <ItemGroup>
    <Filter Include="头文件">
      <UniqueIdentifier>{93995380-89BD-4b04-88EB-625FBE52EBFB}</UniqueIdentifier>
      <Extensions>h;hh;hpp;hxx;h++;hm;inl;inc;ipp;xsd</Extensions>
    </Filter>
    <Filter Include="资源文件">
      <UniqueIdentifier>{67DA6AB6-F800-4c08-8B7A-83BB121AAD01}</UniqueIdentifier>
      <Extensions>rc;ico;cur;bmp;dlg;rc2;rct;bin;rgs;gif;jpg;jpeg;jpe;resx;tiff;tif;png;wav;mfcribbon-ms</Extensions>
    </Filter>
    <Filter Include="src">
      <UniqueIdentifier>{4FC737F1-C7A5-4376-A066-2A32D752A2FF}</UniqueIdentifier>
      <Extensions>cpp;c;cc;cxx;c++;def;odl;idl;hpj;bat;asm;asmx</Extensions>
    </Filter>
    <Filter Include="src\stb">
      <UniqueIdentifier>{1dad6de8-ea10-4e07-8172-cd7df601e119}</UniqueIdentifier>
    </Filter>
    <Filter Include="src\math">
      <UniqueIdentifier>{0686a18e-be2b-4b13-baaf-10549bc578ab}</UniqueIdentifier>
    </Filter>
    <Filter Include="src\Utility">
      <UniqueIdentifier>{f4901c2b-0054-495f-b2f2-e9f07a2845a6}</UniqueIdentifier>
    </Filter>
    <Filter Include="src\Shape">
      <UniqueIdentifier>{d268ded7-16a1-4b93-8b35-99d8502fb4d6}</UniqueIdentifier>
    </Filter>
  </ItemGroup>
  <ItemGroup>
    <ClCompile Include="src\RayTracing.cpp">
      <Filter>src</Filter>
    </ClCompile>
    <ClCompile Include="src\Camera.cpp">
      <Filter>src</Filter>
    </ClCompile>
    <ClCompile Include="src\Sampler.cpp">
      <Filter>src</Filter>
    </ClCompile>
    <ClCompile Include="src\BRDF.cpp">
      <Filter>src</Filter>
    </ClCompile>
    <ClCompile Include="src\Light.cpp">
      <Filter>src</Filter>
    </ClCompile>
    <ClCompile Include="src\Material.cpp">
      <Filter>src</Filter>
    </ClCompile>
    <ClCompile Include="src\World.cpp">
      <Filter>src</Filter>
    </ClCompile>
    <ClCompile Include="src\Shape\Shape.cpp">
      <Filter>src\Shape</Filter>
    </ClCompile>
    <ClCompile Include="src\bl.cpp">
      <Filter>src</Filter>
    </ClCompile>
    <ClCompile Include="src\AreaLight.cpp">
      <Filter>src</Filter>
    </ClCompile>
  </ItemGroup>
  <ItemGroup>
    <ClInclude Include="src\stb\stb_image_write.h">
      <Filter>src\stb</Filter>
    </ClInclude>
    <ClInclude Include="src\math\Vector.h">
      <Filter>src\math</Filter>
    </ClInclude>
    <ClInclude Include="src\Utility\Utility.h">
      <Filter>src\Utility</Filter>
    </ClInclude>
    <ClInclude Include="src\math\Point.h">
      <Filter>src\math</Filter>
    </ClInclude>
    <ClInclude Include="src\math\Ray.h">
      <Filter>src\math</Filter>
    </ClInclude>
    <ClInclude Include="src\bl.h">
      <Filter>src</Filter>
    </ClInclude>
    <ClInclude Include="src\Shape\Shape.h">
      <Filter>src\Shape</Filter>
    </ClInclude>
    <ClInclude Include="src\ShadeRec.h">
      <Filter>src</Filter>
    </ClInclude>
    <ClInclude Include="src\math\Normal.h">
      <Filter>src\math</Filter>
    </ClInclude>
    <ClInclude Include="src\World.h">
      <Filter>src</Filter>
    </ClInclude>
    <ClInclude Include="src\ViewPlane.h">
      <Filter>src</Filter>
    </ClInclude>
    <ClInclude Include="src\Sampler.h">
      <Filter>src</Filter>
    </ClInclude>
    <ClInclude Include="src\Camera.h">
      <Filter>src</Filter>
    </ClInclude>
    <ClInclude Include="src\BRDF.h">
      <Filter>src</Filter>
    </ClInclude>
    <ClInclude Include="src\Material.h">
      <Filter>src</Filter>
    </ClInclude>
    <ClInclude Include="src\Light.h">
      <Filter>src</Filter>
    </ClInclude>
    <ClInclude Include="src\AreaLight.h">
      <Filter>src</Filter>
    </ClInclude>
  </ItemGroup>
</Project>